// !$*UTF8*$!
{
	archiveVersion = 1;
	classes = {
	};
	objectVersion = 55;
	objects = {

/* Begin PBXBuildFile section */
		4DE3A45B284E34DE008D74AE /* AppDelegate.swift in Sources */ = {isa = PBXBuildFile; fileRef = 4DE3A45A284E34DE008D74AE /* AppDelegate.swift */; };
		4DE3A45D284E34DE008D74AE /* SceneDelegate.swift in Sources */ = {isa = PBXBuildFile; fileRef = 4DE3A45C284E34DE008D74AE /* SceneDelegate.swift */; };
		4DE3A45F284E34DE008D74AE /* ViewController.swift in Sources */ = {isa = PBXBuildFile; fileRef = 4DE3A45E284E34DE008D74AE /* ViewController.swift */; };
		4DE3A462284E34DE008D74AE /* Main.storyboard in Resources */ = {isa = PBXBuildFile; fileRef = 4DE3A460284E34DE008D74AE /* Main.storyboard */; };
		4DE3A464284E34DE008D74AE /* Assets.xcassets in Resources */ = {isa = PBXBuildFile; fileRef = 4DE3A463284E34DE008D74AE /* Assets.xcassets */; };
		4DE3A467284E34DE008D74AE /* LaunchScreen.storyboard in Resources */ = {isa = PBXBuildFile; fileRef = 4DE3A465284E34DE008D74AE /* LaunchScreen.storyboard */; };
		4DE3A472284E350A008D74AE /* Movie.swift in Sources */ = {isa = PBXBuildFile; fileRef = 4DE3A471284E350A008D74AE /* Movie.swift */; };
		4DE3A474284E3539008D74AE /* DataManager.swift in Sources */ = {isa = PBXBuildFile; fileRef = 4DE3A473284E3539008D74AE /* DataManager.swift */; };
		4DE3A476284E3580008D74AE /* MovieDetailViewController.swift in Sources */ = {isa = PBXBuildFile; fileRef = 4DE3A475284E3580008D74AE /* MovieDetailViewController.swift */; };
		4DE3A478284E359B008D74AE /* MovieCell.swift in Sources */ = {isa = PBXBuildFile; fileRef = 4DE3A477284E359B008D74AE /* MovieCell.swift */; };
/* End PBXBuildFile section */

/* Begin PBXFileReference section */
		4DE3A457284E34DE008D74AE /* MovieTableView.app */ = {isa = PBXFileReference; explicitFileType = wrapper.application; includeInIndex = 0; path = MovieTableView.app; sourceTree = BUILT_PRODUCTS_DIR; };
		4DE3A45A284E34DE008D74AE /* AppDelegate.swift */ = {isa = PBXFileReference; lastKnownFileType = sourcecode.swift; path = AppDelegate.swift; sourceTree = "<group>"; };
		4DE3A45C284E34DE008D74AE /* SceneDelegate.swift */ = {isa = PBXFileReference; lastKnownFileType = sourcecode.swift; path = SceneDelegate.swift; sourceTree = "<group>"; };
		4DE3A45E284E34DE008D74AE /* ViewController.swift */ = {isa = PBXFileReference; lastKnownFileType = sourcecode.swift; path = ViewController.swift; sourceTree = "<group>"; };
		4DE3A461284E34DE008D74AE /* Base */ = {isa = PBXFileReference; lastKnownFileType = file.storyboard; name = Base; path = Base.lproj/Main.storyboard; sourceTree = "<group>"; };
		4DE3A463284E34DE008D74AE /* Assets.xcassets */ = {isa = PBXFileReference; lastKnownFileType = folder.assetcatalog; path = Assets.xcassets; sourceTree = "<group>"; };
		4DE3A466284E34DE008D74AE /* Base */ = {isa = PBXFileReference; lastKnownFileType = file.storyboard; name = Base; path = Base.lproj/LaunchScreen.storyboard; sourceTree = "<group>"; };
		4DE3A468284E34DE008D74AE /* Info.plist */ = {isa = PBXFileReference; lastKnownFileType = text.plist.xml; path = Info.plist; sourceTree = "<group>"; };
		4DE3A471284E350A008D74AE /* Movie.swift */ = {isa = PBXFileReference; lastKnownFileType = sourcecode.swift; path = Movie.swift; sourceTree = "<group>"; };
		4DE3A473284E3539008D74AE /* DataManager.swift */ = {isa = PBXFileReference; lastKnownFileType = sourcecode.swift; path = DataManager.swift; sourceTree = "<group>"; };
		4DE3A475284E3580008D74AE /* MovieDetailViewController.swift */ = {isa = PBXFileReference; lastKnownFileType = sourcecode.swift; path = MovieDetailViewController.swift; sourceTree = "<group>"; };
		4DE3A477284E359B008D74AE /* MovieCell.swift */ = {isa = PBXFileReference; lastKnownFileType = sourcecode.swift; path = MovieCell.swift; sourceTree = "<group>"; };
/* End PBXFileReference section */

/* Begin PBXFrameworksBuildPhase section */
		4DE3A454284E34DE008D74AE /* Frameworks */ = {
			isa = PBXFrameworksBuildPhase;
			buildActionMask = 2147483647;
			files = (
			);
			runOnlyForDeploymentPostprocessing = 0;
		};
/* End PBXFrameworksBuildPhase section */

/* Begin PBXGroup section */
		4DE3A44E284E34DE008D74AE = {
			isa = PBXGroup;
			children = (
				4DE3A459284E34DE008D74AE /* MovieTableView */,
				4DE3A458284E34DE008D74AE /* Products */,
			);
			sourceTree = "<group>";
		};
		4DE3A458284E34DE008D74AE /* Products */ = {
			isa = PBXGroup;
			children = (
				4DE3A457284E34DE008D74AE /* MovieTableView.app */,
			);
			name = Products;
			sourceTree = "<group>";
		};
		4DE3A459284E34DE008D74AE /* MovieTableView */ = {
			isa = PBXGroup;
			children = (
				4DE3A470284E34F5008D74AE /* Models */,
				4DE3A46F284E34E9008D74AE /* Views */,
				4DE3A46E284E34E2008D74AE /* Controllers */,
				4DE3A45A284E34DE008D74AE /* AppDelegate.swift */,
				4DE3A45C284E34DE008D74AE /* SceneDelegate.swift */,
				4DE3A463284E34DE008D74AE /* Assets.xcassets */,
				4DE3A465284E34DE008D74AE /* LaunchScreen.storyboard */,
				4DE3A468284E34DE008D74AE /* Info.plist */,
			);
			path = MovieTableView;
			sourceTree = "<group>";
		};
		4DE3A46E284E34E2008D74AE /* Controllers */ = {
			isa = PBXGroup;
			children = (
				4DE3A45E284E34DE008D74AE /* ViewController.swift */,
				4DE3A475284E3580008D74AE /* MovieDetailViewController.swift */,
			);
			path = Controllers;
			sourceTree = "<group>";
		};
		4DE3A46F284E34E9008D74AE /* Views */ = {
			isa = PBXGroup;
			children = (
				4DE3A460284E34DE008D74AE /* Main.storyboard */,
				4DE3A477284E359B008D74AE /* MovieCell.swift */,
			);
			path = Views;
			sourceTree = "<group>";
		};
		4DE3A470284E34F5008D74AE /* Models */ = {
			isa = PBXGroup;
			children = (
				4DE3A471284E350A008D74AE /* Movie.swift */,
				4DE3A473284E3539008D74AE /* DataManager.swift */,
			);
			path = Models;
			sourceTree = "<group>";
		};
/* End PBXGroup section */

/* Begin PBXNativeTarget section */
		4DE3A456284E34DE008D74AE /* MovieTableView */ = {
			isa = PBXNativeTarget;
			buildConfigurationList = 4DE3A46B284E34DE008D74AE /* Build configuration list for PBXNativeTarget "MovieTableView" */;
			buildPhases = (
				4DE3A453284E34DE008D74AE /* Sources */,
				4DE3A454284E34DE008D74AE /* Frameworks */,
				4DE3A455284E34DE008D74AE /* Resources */,
			);
			buildRules = (
			);
			dependencies = (
			);
			name = MovieTableView;
			productName = MovieTableView;
			productReference = 4DE3A457284E34DE008D74AE /* MovieTableView.app */;
			productType = "com.apple.product-type.application";
		};
/* End PBXNativeTarget section */

/* Begin PBXProject section */
		4DE3A44F284E34DE008D74AE /* Project object */ = {
			isa = PBXProject;
			attributes = {
				BuildIndependentTargetsInParallel = 1;
				LastSwiftUpdateCheck = 1340;
				LastUpgradeCheck = 1340;
				TargetAttributes = {
					4DE3A456284E34DE008D74AE = {
						CreatedOnToolsVersion = 13.4.1;
					};
				};
			};
			buildConfigurationList = 4DE3A452284E34DE008D74AE /* Build configuration list for PBXProject "MovieTableView" */;
			compatibilityVersion = "Xcode 13.0";
			developmentRegion = en;
			hasScannedForEncodings = 0;
			knownRegions = (
				en,
				Base,
			);
			mainGroup = 4DE3A44E284E34DE008D74AE;
			productRefGroup = 4DE3A458284E34DE008D74AE /* Products */;
			projectDirPath = "";
			projectRoot = "";
			targets = (
				4DE3A456284E34DE008D74AE /* MovieTableView */,
			);
		};
/* End PBXProject section */

/* Begin PBXResourcesBuildPhase section */
		4DE3A455284E34DE008D74AE /* Resources */ = {
			isa = PBXResourcesBuildPhase;
			buildActionMask = 2147483647;
			files = (
				4DE3A467284E34DE008D74AE /* LaunchScreen.storyboard in Resources */,
				4DE3A464284E34DE008D74AE /* Assets.xcassets in Resources */,
				4DE3A462284E34DE008D74AE /* Main.storyboard in Resources */,
			);
			runOnlyForDeploymentPostprocessing = 0;
		};
/* End PBXResourcesBuildPhase section */

/* Begin PBXSourcesBuildPhase section */
		4DE3A453284E34DE008D74AE /* Sources */ = {
			isa = PBXSourcesBuildPhase;
			buildActionMask = 2147483647;
			files = (
				4DE3A478284E359B008D74AE /* MovieCell.swift in Sources */,
				4DE3A45F284E34DE008D74AE /* ViewController.swift in Sources */,
				4DE3A474284E3539008D74AE /* DataManager.swift in Sources */,
				4DE3A45B284E34DE008D74AE /* AppDelegate.swift in Sources */,
				4DE3A45D284E34DE008D74AE /* SceneDelegate.swift in Sources */,
				4DE3A476284E3580008D74AE /* MovieDetailViewController.swift in Sources */,
				4DE3A472284E350A008D74AE /* Movie.swift in Sources */,
			);
			runOnlyForDeploymentPostprocessing = 0;
		};
/* End PBXSourcesBuildPhase section */

/* Begin PBXVariantGroup section */
		4DE3A460284E34DE008D74AE /* Main.storyboard */ = {
			isa = PBXVariantGroup;
			children = (
				4DE3A461284E34DE008D74AE /* Base */,
			);
			name = Main.storyboard;
			sourceTree = "<group>";
		};
		4DE3A465284E34DE008D74AE /* LaunchScreen.storyboard */ = {
			isa = PBXVariantGroup;
			children = (
				4DE3A466284E34DE008D74AE /* Base */,
			);
			name = LaunchScreen.storyboard;
			sourceTree = "<group>";
		};
/* End PBXVariantGroup section */

/* Begin XCBuildConfiguration section */
		4DE3A469284E34DE008D74AE /* Debug */ = {
			isa = XCBuildConfiguration;
			buildSettings = {
				ALWAYS_SEARCH_USER_PATHS = NO;
				CLANG_ANALYZER_NONNULL = YES;
				CLANG_ANALYZER_NUMBER_OBJECT_CONVERSION = YES_AGGRESSIVE;
				CLANG_CXX_LANGUAGE_STANDARD = "gnu++17";
				CLANG_ENABLE_MODULES = YES;
				CLANG_ENABLE_OBJC_ARC = YES;
				CLANG_ENABLE_OBJC_WEAK = YES;
				CLANG_WARN_BLOCK_CAPTURE_AUTORELEASING = YES;
				CLANG_WARN_BOOL_CONVERSION = YES;
				CLANG_WARN_COMMA = YES;
				CLANG_WARN_CONSTANT_CONVERSION = YES;
				CLANG_WARN_DEPRECATED_OBJC_IMPLEMENTATIONS = YES;
				CLANG_WARN_DIRECT_OBJC_ISA_USAGE = YES_ERROR;
				CLANG_WARN_DOCUMENTATION_COMMENTS = YES;
				CLANG_WARN_EMPTY_BODY = YES;
				CLANG_WARN_ENUM_CONVERSION = YES;
				CLANG_WARN_INFINITE_RECURSION = YES;
				CLANG_WARN_INT_CONVERSION = YES;
				CLANG_WARN_NON_LITERAL_NULL_CONVERSION = YES;
				CLANG_WARN_OBJC_IMPLICIT_RETAIN_SELF = YES;
				CLANG_WARN_OBJC_LITERAL_CONVERSION = YES;
				CLANG_WARN_OBJC_ROOT_CLASS = YES_ERROR;
				CLANG_WARN_QUOTED_INCLUDE_IN_FRAMEWORK_HEADER = YES;
				CLANG_WARN_RANGE_LOOP_ANALYSIS = YES;
				CLANG_WARN_STRICT_PROTOTYPES = YES;
				CLANG_WARN_SUSPICIOUS_MOVE = YES;
				CLANG_WARN_UNGUARDED_AVAILABILITY = YES_AGGRESSIVE;
				CLANG_WARN_UNREACHABLE_CODE = YES;
				CLANG_WARN__DUPLICATE_METHOD_MATCH = YES;
				COPY_PHASE_STRIP = NO;
				DEBUG_INFORMATION_FORMAT = dwarf;
				ENABLE_STRICT_OBJC_MSGSEND = YES;
				ENABLE_TESTABILITY = YES;
				GCC_C_LANGUAGE_STANDARD = gnu11;
				GCC_DYNAMIC_NO_PIC = NO;
				GCC_NO_COMMON_BLOCKS = YES;
				GCC_OPTIMIZATION_LEVEL = 0;
				GCC_PREPROCESSOR_DEFINITIONS = (
					"DEBUG=1",
					"$(inherited)",
				);
				GCC_WARN_64_TO_32_BIT_CONVERSION = YES;
				GCC_WARN_ABOUT_RETURN_TYPE = YES_ERROR;
				GCC_WARN_UNDECLARED_SELECTOR = YES;
				GCC_WARN_UNINITIALIZED_AUTOS = YES_AGGRESSIVE;
				GCC_WARN_UNUSED_FUNCTION = YES;
				GCC_WARN_UNUSED_VARIABLE = YES;
				IPHONEOS_DEPLOYMENT_TARGET = 15.5;
				MTL_ENABLE_DEBUG_INFO = INCLUDE_SOURCE;
				MTL_FAST_MATH = YES;
				ONLY_ACTIVE_ARCH = YES;
				SDKROOT = iphoneos;
				SWIFT_ACTIVE_COMPILATION_CONDITIONS = DEBUG;
				SWIFT_OPTIMIZATION_LEVEL = "-Onone";
			};
			name = Debug;
		};
		4DE3A46A284E34DE008D74AE /* Release */ = {
			isa = XCBuildConfiguration;
			buildSettings = {
				ALWAYS_SEARCH_USER_PATHS = NO;
				CLANG_ANALYZER_NONNULL = YES;
				CLANG_ANALYZER_NUMBER_OBJECT_CONVERSION = YES_AGGRESSIVE;
				CLANG_CXX_LANGUAGE_STANDARD = "gnu++17";
				CLANG_ENABLE_MODULES = YES;
				CLANG_ENABLE_OBJC_ARC = YES;
				CLANG_ENABLE_OBJC_WEAK = YES;
				CLANG_WARN_BLOCK_CAPTURE_AUTORELEASING = YES;
				CLANG_WARN_BOOL_CONVERSION = YES;
				CLANG_WARN_COMMA = YES;
				CLANG_WARN_CONSTANT_CONVERSION = YES;
				CLANG_WARN_DEPRECATED_OBJC_IMPLEMENTATIONS = YES;
				CLANG_WARN_DIRECT_OBJC_ISA_USAGE = YES_ERROR;
				CLANG_WARN_DOCUMENTATION_COMMENTS = YES;
				CLANG_WARN_EMPTY_BODY = YES;
				CLANG_WARN_ENUM_CONVERSION = YES;
				CLANG_WARN_INFINITE_RECURSION = YES;
				CLANG_WARN_INT_CONVERSION = YES;
				CLANG_WARN_NON_LITERAL_NULL_CONVERSION = YES;
				CLANG_WARN_OBJC_IMPLICIT_RETAIN_SELF = YES;
				CLANG_WARN_OBJC_LITERAL_CONVERSION = YES;
				CLANG_WARN_OBJC_ROOT_CLASS = YES_ERROR;
				CLANG_WARN_QUOTED_INCLUDE_IN_FRAMEWORK_HEADER = YES;
				CLANG_WARN_RANGE_LOOP_ANALYSIS = YES;
				CLANG_WARN_STRICT_PROTOTYPES = YES;
				CLANG_WARN_SUSPICIOUS_MOVE = YES;
				CLANG_WARN_UNGUARDED_AVAILABILITY = YES_AGGRESSIVE;
				CLANG_WARN_UNREACHABLE_CODE = YES;
				CLANG_WARN__DUPLICATE_METHOD_MATCH = YES;
				COPY_PHASE_STRIP = NO;
				DEBUG_INFORMATION_FORMAT = "dwarf-with-dsym";
				ENABLE_NS_ASSERTIONS = NO;
				ENABLE_STRICT_OBJC_MSGSEND = YES;
				GCC_C_LANGUAGE_STANDARD = gnu11;
				GCC_NO_COMMON_BLOCKS = YES;
				GCC_WARN_64_TO_32_BIT_CONVERSION = YES;
				GCC_WARN_ABOUT_RETURN_TYPE = YES_ERROR;
				GCC_WARN_UNDECLARED_SELECTOR = YES;
				GCC_WARN_UNINITIALIZED_AUTOS = YES_AGGRESSIVE;
				GCC_WARN_UNUSED_FUNCTION = YES;
				GCC_WARN_UNUSED_VARIABLE = YES;
				IPHONEOS_DEPLOYMENT_TARGET = 15.5;
				MTL_ENABLE_DEBUG_INFO = NO;
				MTL_FAST_MATH = YES;
				SDKROOT = iphoneos;
				SWIFT_COMPILATION_MODE = wholemodule;
				SWIFT_OPTIMIZATION_LEVEL = "-O";
				VALIDATE_PRODUCT = YES;
			};
			name = Release;
		};
		4DE3A46C284E34DE008D74AE /* Debug */ = {
			isa = XCBuildConfiguration;
			buildSettings = {
				ASSETCATALOG_COMPILER_APPICON_NAME = AppIcon;
				ASSETCATALOG_COMPILER_GLOBAL_ACCENT_COLOR_NAME = AccentColor;
				CODE_SIGN_STYLE = Automatic;
				CURRENT_PROJECT_VERSION = 1;
				GENERATE_INFOPLIST_FILE = YES;
				INFOPLIST_FILE = MovieTableView/Info.plist;
				INFOPLIST_KEY_UIApplicationSupportsIndirectInputEvents = YES;
				INFOPLIST_KEY_UILaunchStoryboardName = LaunchScreen;
				INFOPLIST_KEY_UIMainStoryboardFile = Main;
				INFOPLIST_KEY_UISupportedInterfaceOrientations_iPad = "UIInterfaceOrientationPortrait UIInterfaceOrientationPortraitUpsideDown UIInterfaceOrientationLandscapeLeft UIInterfaceOrientationLandscapeRight";
				INFOPLIST_KEY_UISupportedInterfaceOrientations_iPhone = "UIInterfaceOrientationPortrait UIInterfaceOrientationLandscapeLeft UIInterfaceOrientationLandscapeRight";
				IPHONEOS_DEPLOYMENT_TARGET = 13.0;
				LD_RUNPATH_SEARCH_PATHS = (
					"$(inherited)",
					"@executable_path/Frameworks",
				);
				MARKETING_VERSION = 1.0;
				PRODUCT_BUNDLE_IDENTIFIER = blackhole.MovieTableView;
				PRODUCT_NAME = "$(TARGET_NAME)";
				SWIFT_EMIT_LOC_STRINGS = YES;
				SWIFT_VERSION = 5.0;
				TARGETED_DEVICE_FAMILY = 1;
			};
			name = Debug;
		};
		4DE3A46D284E34DE008D74AE /* Release */ = {
			isa = XCBuildConfiguration;
			buildSettings = {
				ASSETCATALOG_COMPILER_APPICON_NAME = AppIcon;
				ASSETCATALOG_COMPILER_GLOBAL_ACCENT_COLOR_NAME = AccentColor;
				CODE_SIGN_STYLE = Automatic;
				CURRENT_PROJECT_VERSION = 1;
				GENERATE_INFOPLIST_FILE = YES;
				INFOPLIST_FILE = MovieTableView/Info.plist;
				INFOPLIST_KEY_UIApplicationSupportsIndirectInputEvents = YES;
				INFOPLIST_KEY_UILaunchStoryboardName = LaunchScreen;
				INFOPLIST_KEY_UIMainStoryboardFile = Main;
				INFOPLIST_KEY_UISupportedInterfaceOrientations_iPad = "UIInterfaceOrientationPortrait UIInterfaceOrientationPortraitUpsideDown UIInterfaceOrientationLandscapeLeft UIInterfaceOrientationLandscapeRight";
				INFOPLIST_KEY_UISupportedInterfaceOrientations_iPhone = "UIInterfaceOrientationPortrait UIInterfaceOrientationLandscapeLeft UIInterfaceOrientationLandscapeRight";
				IPHONEOS_DEPLOYMENT_TARGET = 13.0;
				LD_RUNPATH_SEARCH_PATHS = (
					"$(inherited)",
					"@executable_path/Frameworks",
				);
				MARKETING_VERSION = 1.0;
				PRODUCT_BUNDLE_IDENTIFIER = blackhole.MovieTableView;
				PRODUCT_NAME = "$(TARGET_NAME)";
				SWIFT_EMIT_LOC_STRINGS = YES;
				SWIFT_VERSION = 5.0;
				TARGETED_DEVICE_FAMILY = 1;
			};
			name = Release;
		};
/* End XCBuildConfiguration section */

/* Begin XCConfigurationList section */
		4DE3A452284E34DE008D74AE /* Build configuration list for PBXProject "MovieTableView" */ = {
			isa = XCConfigurationList;
			buildConfigurations = (
				4DE3A469284E34DE008D74AE /* Debug */,
				4DE3A46A284E34DE008D74AE /* Release */,
			);
			defaultConfigurationIsVisible = 0;
			defaultConfigurationName = Release;
		};
		4DE3A46B284E34DE008D74AE /* Build configuration list for PBXNativeTarget "MovieTableView" */ = {
			isa = XCConfigurationList;
			buildConfigurations = (
				4DE3A46C284E34DE008D74AE /* Debug */,
				4DE3A46D284E34DE008D74AE /* Release */,
			);
			defaultConfigurationIsVisible = 0;
			defaultConfigurationName = Release;
		};
/* End XCConfigurationList section */
	};
	rootObject = 4DE3A44F284E34DE008D74AE /* Project object */;
}
