// !$*UTF8*$!
{
	archiveVersion = 1;
	classes = {
	};
	objectVersion = 55;
	objects = {

/* Begin PBXBuildFile section */
		4D7A7F16284237380007FE25 /* AppDelegate.swift in Sources */ = {isa = PBXBuildFile; fileRef = 4D7A7F15284237380007FE25 /* AppDelegate.swift */; };
		4D7A7F18284237380007FE25 /* SceneDelegate.swift in Sources */ = {isa = PBXBuildFile; fileRef = 4D7A7F17284237380007FE25 /* SceneDelegate.swift */; };
		4D7A7F1A284237380007FE25 /* ViewController.swift in Sources */ = {isa = PBXBuildFile; fileRef = 4D7A7F19284237380007FE25 /* ViewController.swift */; };
		4D7A7F1D284237380007FE25 /* Main.storyboard in Resources */ = {isa = PBXBuildFile; fileRef = 4D7A7F1B284237380007FE25 /* Main.storyboard */; };
		4D7A7F1F284237390007FE25 /* Assets.xcassets in Resources */ = {isa = PBXBuildFile; fileRef = 4D7A7F1E284237390007FE25 /* Assets.xcassets */; };
		4D7A7F22284237390007FE25 /* LaunchScreen.storyboard in Resources */ = {isa = PBXBuildFile; fileRef = 4D7A7F20284237390007FE25 /* LaunchScreen.storyboard */; };
		4D7A7F2D284242FE0007FE25 /* SecondViewController.swift in Sources */ = {isa = PBXBuildFile; fileRef = 4D7A7F2C284242FE0007FE25 /* SecondViewController.swift */; };
		4D7A7F2F2842464F0007FE25 /* BMI.swift in Sources */ = {isa = PBXBuildFile; fileRef = 4D7A7F2E2842464F0007FE25 /* BMI.swift */; };
		4D7A7F31284246920007FE25 /* BMIcalculateManager.swift in Sources */ = {isa = PBXBuildFile; fileRef = 4D7A7F30284246920007FE25 /* BMIcalculateManager.swift */; };
/* End PBXBuildFile section */

/* Begin PBXFileReference section */
		4D7A7F12284237380007FE25 /* BMIcalculate.app */ = {isa = PBXFileReference; explicitFileType = wrapper.application; includeInIndex = 0; path = BMIcalculate.app; sourceTree = BUILT_PRODUCTS_DIR; };
		4D7A7F15284237380007FE25 /* AppDelegate.swift */ = {isa = PBXFileReference; lastKnownFileType = sourcecode.swift; path = AppDelegate.swift; sourceTree = "<group>"; };
		4D7A7F17284237380007FE25 /* SceneDelegate.swift */ = {isa = PBXFileReference; lastKnownFileType = sourcecode.swift; path = SceneDelegate.swift; sourceTree = "<group>"; };
		4D7A7F19284237380007FE25 /* ViewController.swift */ = {isa = PBXFileReference; lastKnownFileType = sourcecode.swift; path = ViewController.swift; sourceTree = "<group>"; };
		4D7A7F1C284237380007FE25 /* Base */ = {isa = PBXFileReference; lastKnownFileType = file.storyboard; name = Base; path = Base.lproj/Main.storyboard; sourceTree = "<group>"; };
		4D7A7F1E284237390007FE25 /* Assets.xcassets */ = {isa = PBXFileReference; lastKnownFileType = folder.assetcatalog; path = Assets.xcassets; sourceTree = "<group>"; };
		4D7A7F21284237390007FE25 /* Base */ = {isa = PBXFileReference; lastKnownFileType = file.storyboard; name = Base; path = Base.lproj/LaunchScreen.storyboard; sourceTree = "<group>"; };
		4D7A7F23284237390007FE25 /* Info.plist */ = {isa = PBXFileReference; lastKnownFileType = text.plist.xml; path = Info.plist; sourceTree = "<group>"; };
		4D7A7F2C284242FE0007FE25 /* SecondViewController.swift */ = {isa = PBXFileReference; lastKnownFileType = sourcecode.swift; path = SecondViewController.swift; sourceTree = "<group>"; };
		4D7A7F2E2842464F0007FE25 /* BMI.swift */ = {isa = PBXFileReference; lastKnownFileType = sourcecode.swift; path = BMI.swift; sourceTree = "<group>"; };
		4D7A7F30284246920007FE25 /* BMIcalculateManager.swift */ = {isa = PBXFileReference; lastKnownFileType = sourcecode.swift; path = BMIcalculateManager.swift; sourceTree = "<group>"; };
/* End PBXFileReference section */

/* Begin PBXFrameworksBuildPhase section */
		4D7A7F0F284237380007FE25 /* Frameworks */ = {
			isa = PBXFrameworksBuildPhase;
			buildActionMask = 2147483647;
			files = (
			);
			runOnlyForDeploymentPostprocessing = 0;
		};
/* End PBXFrameworksBuildPhase section */

/* Begin PBXGroup section */
		4D7A7F09284237380007FE25 = {
			isa = PBXGroup;
			children = (
				4D7A7F14284237380007FE25 /* BMIcalculate */,
				4D7A7F13284237380007FE25 /* Products */,
			);
			sourceTree = "<group>";
		};
		4D7A7F13284237380007FE25 /* Products */ = {
			isa = PBXGroup;
			children = (
				4D7A7F12284237380007FE25 /* BMIcalculate.app */,
			);
			name = Products;
			sourceTree = "<group>";
		};
		4D7A7F14284237380007FE25 /* BMIcalculate */ = {
			isa = PBXGroup;
			children = (
				4D7A7F2B28423F380007FE25 /* Views */,
				4D7A7F2A28423F2C0007FE25 /* Models */,
				4D7A7F2928423F210007FE25 /* Controllers */,
				4D7A7F15284237380007FE25 /* AppDelegate.swift */,
				4D7A7F17284237380007FE25 /* SceneDelegate.swift */,
				4D7A7F1E284237390007FE25 /* Assets.xcassets */,
				4D7A7F20284237390007FE25 /* LaunchScreen.storyboard */,
				4D7A7F23284237390007FE25 /* Info.plist */,
			);
			path = BMIcalculate;
			sourceTree = "<group>";
		};
		4D7A7F2928423F210007FE25 /* Controllers */ = {
			isa = PBXGroup;
			children = (
				4D7A7F19284237380007FE25 /* ViewController.swift */,
				4D7A7F2C284242FE0007FE25 /* SecondViewController.swift */,
			);
			path = Controllers;
			sourceTree = "<group>";
		};
		4D7A7F2A28423F2C0007FE25 /* Models */ = {
			isa = PBXGroup;
			children = (
				4D7A7F2E2842464F0007FE25 /* BMI.swift */,
				4D7A7F30284246920007FE25 /* BMIcalculateManager.swift */,
			);
			path = Models;
			sourceTree = "<group>";
		};
		4D7A7F2B28423F380007FE25 /* Views */ = {
			isa = PBXGroup;
			children = (
				4D7A7F1B284237380007FE25 /* Main.storyboard */,
			);
			path = Views;
			sourceTree = "<group>";
		};
/* End PBXGroup section */

/* Begin PBXNativeTarget section */
		4D7A7F11284237380007FE25 /* BMIcalculate */ = {
			isa = PBXNativeTarget;
			buildConfigurationList = 4D7A7F26284237390007FE25 /* Build configuration list for PBXNativeTarget "BMIcalculate" */;
			buildPhases = (
				4D7A7F0E284237380007FE25 /* Sources */,
				4D7A7F0F284237380007FE25 /* Frameworks */,
				4D7A7F10284237380007FE25 /* Resources */,
			);
			buildRules = (
			);
			dependencies = (
			);
			name = BMIcalculate;
			productName = BMIcalculate;
			productReference = 4D7A7F12284237380007FE25 /* BMIcalculate.app */;
			productType = "com.apple.product-type.application";
		};
/* End PBXNativeTarget section */

/* Begin PBXProject section */
		4D7A7F0A284237380007FE25 /* Project object */ = {
			isa = PBXProject;
			attributes = {
				BuildIndependentTargetsInParallel = 1;
				LastSwiftUpdateCheck = 1340;
				LastUpgradeCheck = 1340;
				TargetAttributes = {
					4D7A7F11284237380007FE25 = {
						CreatedOnToolsVersion = 13.4;
					};
				};
			};
			buildConfigurationList = 4D7A7F0D284237380007FE25 /* Build configuration list for PBXProject "BMIcalculate" */;
			compatibilityVersion = "Xcode 13.0";
			developmentRegion = en;
			hasScannedForEncodings = 0;
			knownRegions = (
				en,
				Base,
			);
			mainGroup = 4D7A7F09284237380007FE25;
			productRefGroup = 4D7A7F13284237380007FE25 /* Products */;
			projectDirPath = "";
			projectRoot = "";
			targets = (
				4D7A7F11284237380007FE25 /* BMIcalculate */,
			);
		};
/* End PBXProject section */

/* Begin PBXResourcesBuildPhase section */
		4D7A7F10284237380007FE25 /* Resources */ = {
			isa = PBXResourcesBuildPhase;
			buildActionMask = 2147483647;
			files = (
				4D7A7F22284237390007FE25 /* LaunchScreen.storyboard in Resources */,
				4D7A7F1F284237390007FE25 /* Assets.xcassets in Resources */,
				4D7A7F1D284237380007FE25 /* Main.storyboard in Resources */,
			);
			runOnlyForDeploymentPostprocessing = 0;
		};
/* End PBXResourcesBuildPhase section */

/* Begin PBXSourcesBuildPhase section */
		4D7A7F0E284237380007FE25 /* Sources */ = {
			isa = PBXSourcesBuildPhase;
			buildActionMask = 2147483647;
			files = (
				4D7A7F2F2842464F0007FE25 /* BMI.swift in Sources */,
				4D7A7F2D284242FE0007FE25 /* SecondViewController.swift in Sources */,
				4D7A7F1A284237380007FE25 /* ViewController.swift in Sources */,
				4D7A7F31284246920007FE25 /* BMIcalculateManager.swift in Sources */,
				4D7A7F16284237380007FE25 /* AppDelegate.swift in Sources */,
				4D7A7F18284237380007FE25 /* SceneDelegate.swift in Sources */,
			);
			runOnlyForDeploymentPostprocessing = 0;
		};
/* End PBXSourcesBuildPhase section */

/* Begin PBXVariantGroup section */
		4D7A7F1B284237380007FE25 /* Main.storyboard */ = {
			isa = PBXVariantGroup;
			children = (
				4D7A7F1C284237380007FE25 /* Base */,
			);
			name = Main.storyboard;
			sourceTree = "<group>";
		};
		4D7A7F20284237390007FE25 /* LaunchScreen.storyboard */ = {
			isa = PBXVariantGroup;
			children = (
				4D7A7F21284237390007FE25 /* Base */,
			);
			name = LaunchScreen.storyboard;
			sourceTree = "<group>";
		};
/* End PBXVariantGroup section */

/* Begin XCBuildConfiguration section */
		4D7A7F24284237390007FE25 /* Debug */ = {
			isa = XCBuildConfiguration;
			buildSettings = {
				ALWAYS_SEARCH_USER_PATHS = NO;
				CLANG_ANALYZER_NONNULL = YES;
				CLANG_ANALYZER_NUMBER_OBJECT_CONVERSION = YES_AGGRESSIVE;
				CLANG_CXX_LANGUAGE_STANDARD = "gnu++17";
				CLANG_ENABLE_MODULES = YES;
				CLANG_ENABLE_OBJC_ARC = YES;
				CLANG_ENABLE_OBJC_WEAK = YES;
				CLANG_WARN_BLOCK_CAPTURE_AUTORELEASING = YES;
				CLANG_WARN_BOOL_CONVERSION = YES;
				CLANG_WARN_COMMA = YES;
				CLANG_WARN_CONSTANT_CONVERSION = YES;
				CLANG_WARN_DEPRECATED_OBJC_IMPLEMENTATIONS = YES;
				CLANG_WARN_DIRECT_OBJC_ISA_USAGE = YES_ERROR;
				CLANG_WARN_DOCUMENTATION_COMMENTS = YES;
				CLANG_WARN_EMPTY_BODY = YES;
				CLANG_WARN_ENUM_CONVERSION = YES;
				CLANG_WARN_INFINITE_RECURSION = YES;
				CLANG_WARN_INT_CONVERSION = YES;
				CLANG_WARN_NON_LITERAL_NULL_CONVERSION = YES;
				CLANG_WARN_OBJC_IMPLICIT_RETAIN_SELF = YES;
				CLANG_WARN_OBJC_LITERAL_CONVERSION = YES;
				CLANG_WARN_OBJC_ROOT_CLASS = YES_ERROR;
				CLANG_WARN_QUOTED_INCLUDE_IN_FRAMEWORK_HEADER = YES;
				CLANG_WARN_RANGE_LOOP_ANALYSIS = YES;
				CLANG_WARN_STRICT_PROTOTYPES = YES;
				CLANG_WARN_SUSPICIOUS_MOVE = YES;
				CLANG_WARN_UNGUARDED_AVAILABILITY = YES_AGGRESSIVE;
				CLANG_WARN_UNREACHABLE_CODE = YES;
				CLANG_WARN__DUPLICATE_METHOD_MATCH = YES;
				COPY_PHASE_STRIP = NO;
				DEBUG_INFORMATION_FORMAT = dwarf;
				ENABLE_STRICT_OBJC_MSGSEND = YES;
				ENABLE_TESTABILITY = YES;
				GCC_C_LANGUAGE_STANDARD = gnu11;
				GCC_DYNAMIC_NO_PIC = NO;
				GCC_NO_COMMON_BLOCKS = YES;
				GCC_OPTIMIZATION_LEVEL = 0;
				GCC_PREPROCESSOR_DEFINITIONS = (
					"DEBUG=1",
					"$(inherited)",
				);
				GCC_WARN_64_TO_32_BIT_CONVERSION = YES;
				GCC_WARN_ABOUT_RETURN_TYPE = YES_ERROR;
				GCC_WARN_UNDECLARED_SELECTOR = YES;
				GCC_WARN_UNINITIALIZED_AUTOS = YES_AGGRESSIVE;
				GCC_WARN_UNUSED_FUNCTION = YES;
				GCC_WARN_UNUSED_VARIABLE = YES;
				IPHONEOS_DEPLOYMENT_TARGET = 13.0;
				MTL_ENABLE_DEBUG_INFO = INCLUDE_SOURCE;
				MTL_FAST_MATH = YES;
				ONLY_ACTIVE_ARCH = YES;
				SDKROOT = iphoneos;
				SWIFT_ACTIVE_COMPILATION_CONDITIONS = DEBUG;
				SWIFT_OPTIMIZATION_LEVEL = "-Onone";
			};
			name = Debug;
		};
		4D7A7F25284237390007FE25 /* Release */ = {
			isa = XCBuildConfiguration;
			buildSettings = {
				ALWAYS_SEARCH_USER_PATHS = NO;
				CLANG_ANALYZER_NONNULL = YES;
				CLANG_ANALYZER_NUMBER_OBJECT_CONVERSION = YES_AGGRESSIVE;
				CLANG_CXX_LANGUAGE_STANDARD = "gnu++17";
				CLANG_ENABLE_MODULES = YES;
				CLANG_ENABLE_OBJC_ARC = YES;
				CLANG_ENABLE_OBJC_WEAK = YES;
				CLANG_WARN_BLOCK_CAPTURE_AUTORELEASING = YES;
				CLANG_WARN_BOOL_CONVERSION = YES;
				CLANG_WARN_COMMA = YES;
				CLANG_WARN_CONSTANT_CONVERSION = YES;
				CLANG_WARN_DEPRECATED_OBJC_IMPLEMENTATIONS = YES;
				CLANG_WARN_DIRECT_OBJC_ISA_USAGE = YES_ERROR;
				CLANG_WARN_DOCUMENTATION_COMMENTS = YES;
				CLANG_WARN_EMPTY_BODY = YES;
				CLANG_WARN_ENUM_CONVERSION = YES;
				CLANG_WARN_INFINITE_RECURSION = YES;
				CLANG_WARN_INT_CONVERSION = YES;
				CLANG_WARN_NON_LITERAL_NULL_CONVERSION = YES;
				CLANG_WARN_OBJC_IMPLICIT_RETAIN_SELF = YES;
				CLANG_WARN_OBJC_LITERAL_CONVERSION = YES;
				CLANG_WARN_OBJC_ROOT_CLASS = YES_ERROR;
				CLANG_WARN_QUOTED_INCLUDE_IN_FRAMEWORK_HEADER = YES;
				CLANG_WARN_RANGE_LOOP_ANALYSIS = YES;
				CLANG_WARN_STRICT_PROTOTYPES = YES;
				CLANG_WARN_SUSPICIOUS_MOVE = YES;
				CLANG_WARN_UNGUARDED_AVAILABILITY = YES_AGGRESSIVE;
				CLANG_WARN_UNREACHABLE_CODE = YES;
				CLANG_WARN__DUPLICATE_METHOD_MATCH = YES;
				COPY_PHASE_STRIP = NO;
				DEBUG_INFORMATION_FORMAT = "dwarf-with-dsym";
				ENABLE_NS_ASSERTIONS = NO;
				ENABLE_STRICT_OBJC_MSGSEND = YES;
				GCC_C_LANGUAGE_STANDARD = gnu11;
				GCC_NO_COMMON_BLOCKS = YES;
				GCC_WARN_64_TO_32_BIT_CONVERSION = YES;
				GCC_WARN_ABOUT_RETURN_TYPE = YES_ERROR;
				GCC_WARN_UNDECLARED_SELECTOR = YES;
				GCC_WARN_UNINITIALIZED_AUTOS = YES_AGGRESSIVE;
				GCC_WARN_UNUSED_FUNCTION = YES;
				GCC_WARN_UNUSED_VARIABLE = YES;
				IPHONEOS_DEPLOYMENT_TARGET = 13.0;
				MTL_ENABLE_DEBUG_INFO = NO;
				MTL_FAST_MATH = YES;
				SDKROOT = iphoneos;
				SWIFT_COMPILATION_MODE = wholemodule;
				SWIFT_OPTIMIZATION_LEVEL = "-O";
				VALIDATE_PRODUCT = YES;
			};
			name = Release;
		};
		4D7A7F27284237390007FE25 /* Debug */ = {
			isa = XCBuildConfiguration;
			buildSettings = {
				ASSETCATALOG_COMPILER_APPICON_NAME = AppIcon;
				ASSETCATALOG_COMPILER_GLOBAL_ACCENT_COLOR_NAME = AccentColor;
				CODE_SIGN_STYLE = Automatic;
				CURRENT_PROJECT_VERSION = 1;
				DEVELOPMENT_TEAM = 5566XK43XC;
				GENERATE_INFOPLIST_FILE = YES;
				INFOPLIST_FILE = BMIcalculate/Info.plist;
				INFOPLIST_KEY_UIApplicationSupportsIndirectInputEvents = YES;
				INFOPLIST_KEY_UILaunchStoryboardName = LaunchScreen;
				INFOPLIST_KEY_UIMainStoryboardFile = Main;
				INFOPLIST_KEY_UISupportedInterfaceOrientations_iPad = "UIInterfaceOrientationPortrait UIInterfaceOrientationPortraitUpsideDown UIInterfaceOrientationLandscapeLeft UIInterfaceOrientationLandscapeRight";
				INFOPLIST_KEY_UISupportedInterfaceOrientations_iPhone = "UIInterfaceOrientationPortrait UIInterfaceOrientationLandscapeLeft UIInterfaceOrientationLandscapeRight";
				LD_RUNPATH_SEARCH_PATHS = (
					"$(inherited)",
					"@executable_path/Frameworks",
				);
				MARKETING_VERSION = 1.0;
				PRODUCT_BUNDLE_IDENTIFIER = com.pulsar.BMIcalculate;
				PRODUCT_NAME = "$(TARGET_NAME)";
				SWIFT_EMIT_LOC_STRINGS = YES;
				SWIFT_VERSION = 5.0;
				TARGETED_DEVICE_FAMILY = 1;
			};
			name = Debug;
		};
		4D7A7F28284237390007FE25 /* Release */ = {
			isa = XCBuildConfiguration;
			buildSettings = {
				ASSETCATALOG_COMPILER_APPICON_NAME = AppIcon;
				ASSETCATALOG_COMPILER_GLOBAL_ACCENT_COLOR_NAME = AccentColor;
				CODE_SIGN_STYLE = Automatic;
				CURRENT_PROJECT_VERSION = 1;
				DEVELOPMENT_TEAM = 5566XK43XC;
				GENERATE_INFOPLIST_FILE = YES;
				INFOPLIST_FILE = BMIcalculate/Info.plist;
				INFOPLIST_KEY_UIApplicationSupportsIndirectInputEvents = YES;
				INFOPLIST_KEY_UILaunchStoryboardName = LaunchScreen;
				INFOPLIST_KEY_UIMainStoryboardFile = Main;
				INFOPLIST_KEY_UISupportedInterfaceOrientations_iPad = "UIInterfaceOrientationPortrait UIInterfaceOrientationPortraitUpsideDown UIInterfaceOrientationLandscapeLeft UIInterfaceOrientationLandscapeRight";
				INFOPLIST_KEY_UISupportedInterfaceOrientations_iPhone = "UIInterfaceOrientationPortrait UIInterfaceOrientationLandscapeLeft UIInterfaceOrientationLandscapeRight";
				LD_RUNPATH_SEARCH_PATHS = (
					"$(inherited)",
					"@executable_path/Frameworks",
				);
				MARKETING_VERSION = 1.0;
				PRODUCT_BUNDLE_IDENTIFIER = com.pulsar.BMIcalculate;
				PRODUCT_NAME = "$(TARGET_NAME)";
				SWIFT_EMIT_LOC_STRINGS = YES;
				SWIFT_VERSION = 5.0;
				TARGETED_DEVICE_FAMILY = 1;
			};
			name = Release;
		};
/* End XCBuildConfiguration section */

/* Begin XCConfigurationList section */
		4D7A7F0D284237380007FE25 /* Build configuration list for PBXProject "BMIcalculate" */ = {
			isa = XCConfigurationList;
			buildConfigurations = (
				4D7A7F24284237390007FE25 /* Debug */,
				4D7A7F25284237390007FE25 /* Release */,
			);
			defaultConfigurationIsVisible = 0;
			defaultConfigurationName = Release;
		};
		4D7A7F26284237390007FE25 /* Build configuration list for PBXNativeTarget "BMIcalculate" */ = {
			isa = XCConfigurationList;
			buildConfigurations = (
				4D7A7F27284237390007FE25 /* Debug */,
				4D7A7F28284237390007FE25 /* Release */,
			);
			defaultConfigurationIsVisible = 0;
			defaultConfigurationName = Release;
		};
/* End XCConfigurationList section */
	};
	rootObject = 4D7A7F0A284237380007FE25 /* Project object */;
}
